github.com/lnashier/goarc v0.8.0 h1:NUwN9fxyxoAJYwF7pF4MTLSPu9yosEdQzvZ1XCJsdD8=
github.com/lnashier/goarc v0.8.0/go.mod h1:44gg9dMrlW2EM7hJOu4vPoQx+ZLuqS/errK9+4+IZ78=
golang.org/x/sync v0.7.0 h1:YsImfSBoP9QPYL0xyKJPq0gcaJdG3rInoqxTWbfQu9M=
golang.org/x/sync v0.7.0/go.mod h1:Czt+wKu1gCyEFDUtn0jG5QVvpJ6rzVqr5aXyt9drQfk=
